
Microsoft Visual Studio Solution File, Format Version 12.00
# Visual Studio Version 16
VisualStudioVersion = 16.0.30204.135
MinimumVisualStudioVersion = 10.0.40219.1
Project("{FAE04EC0-301F-11D3-BF4B-00C04F79EFBC}") = "Dummy", "Dummy\Dummy.csproj", "{96D2F1A9-FBA4-4DFA-AD38-FC80767961EC}"
EndProject
Global
	GlobalSection(SolutionConfigurationPlatforms) = preSolution
		Debug|Any CPU = Debug|Any CPU
		Release|Any CPU = Release|Any CPU
	EndGlobalSection
	GlobalSection(ProjectConfigurationPlatforms) = postSolution
		{96D2F1A9-FBA4-4DFA-AD38-FC80767961EC}.Debug|Any CPU.ActiveCfg = Debug|Any CPU
		{96D2F1A9-FBA4-4DFA-AD38-FC80767961EC}.Debug|Any CPU.Build.0 = Debug|Any CPU
		{96D2F1A9-FBA4-4DFA-AD38-FC80767961EC}.Release|Any CPU.ActiveCfg = Release|Any CPU
		{96D2F1A9-FBA4-4DFA-AD38-FC80767961EC}.Release|Any CPU.Build.0 = Release|Any CPU
	EndGlobalSection
	GlobalSection(SolutionProperties) = preSolution
		HideSolutionNode = FALSE
	EndGlobalSection
	GlobalSection(ExtensibilityGlobals) = postSolution
		SolutionGuid = {E9770D8A-6914-4ECD-B13A-2851316518ED}
	EndGlobalSection
EndGlobal
